
Microsoft Visual Studio Solution File, Format Version 12.00
# Visual Studio Version 17
VisualStudioVersion = 17.14.36623.8
MinimumVisualStudioVersion = 10.0.40219.1
Project("{FAE04EC0-301F-11D3-BF4B-00C04F79EFBC}") = "TOP-ASP_NET", "TOP-ASP_NET\TOP-ASP_NET.csproj", "{7533B830-4D38-4113-8EA6-62CFCC494FE5}"
EndProject
Project("{2150E333-8FDC-42A3-9474-1A3956D46DE8}") = "Homework", "Homework", "{36D591C7-65C7-A0D1-1CBC-10CDE441BDC8}"
EndProject
Project("{FAE04EC0-301F-11D3-BF4B-00C04F79EFBC}") = "HW1", "HW1\HW1.csproj", "{E0095B68-9F06-41C1-9F58-495130B40A0B}"
EndProject
Project("{FAE04EC0-301F-11D3-BF4B-00C04F79EFBC}") = "HW2", "HW2\HW2.csproj", "{1931749E-E53D-47E2-839D-0CE023CB2E78}"
EndProject
Project("{FAE04EC0-301F-11D3-BF4B-00C04F79EFBC}") = "HW3", "HW3\HW3.csproj", "{24E24BA5-5041-44F3-9ABB-194822EC9995}"
EndProject
Project("{FAE04EC0-301F-11D3-BF4B-00C04F79EFBC}") = "HW4", "HW4\HW4.csproj", "{33E6B8E3-26EF-4F71-8F57-2E53B630615B}"
EndProject
Project("{FAE04EC0-301F-11D3-BF4B-00C04F79EFBC}") = "HW5", "HW5\HW5.csproj", "{7B6636DC-F5C2-4B9B-98DA-3E41FE501F14}"
EndProject
Project("{FAE04EC0-301F-11D3-BF4B-00C04F79EFBC}") = "HW6", "HW6\HW6.csproj", "{C267D39D-087A-45F6-B3FD-EF322F6FB50D}"
EndProject
Project("{FAE04EC0-301F-11D3-BF4B-00C04F79EFBC}") = "HW7", "HW7\HW7.csproj", "{D560BA9F-305F-47C9-9C70-D32D02604F9A}"
EndProject
Project("{FAE04EC0-301F-11D3-BF4B-00C04F79EFBC}") = "HW8", "HW8\HW8.csproj", "{7E76F7A7-9E1A-4C7D-8CCE-A3613A563986}"
EndProject
Global
	GlobalSection(SolutionConfigurationPlatforms) = preSolution
		Debug|Any CPU = Debug|Any CPU
		Release|Any CPU = Release|Any CPU
	EndGlobalSection
	GlobalSection(ProjectConfigurationPlatforms) = postSolution
		{7533B830-4D38-4113-8EA6-62CFCC494FE5}.Debug|Any CPU.ActiveCfg = Debug|Any CPU
		{7533B830-4D38-4113-8EA6-62CFCC494FE5}.Debug|Any CPU.Build.0 = Debug|Any CPU
		{7533B830-4D38-4113-8EA6-62CFCC494FE5}.Release|Any CPU.ActiveCfg = Release|Any CPU
		{7533B830-4D38-4113-8EA6-62CFCC494FE5}.Release|Any CPU.Build.0 = Release|Any CPU
		{E0095B68-9F06-41C1-9F58-495130B40A0B}.Debug|Any CPU.ActiveCfg = Debug|Any CPU
		{E0095B68-9F06-41C1-9F58-495130B40A0B}.Debug|Any CPU.Build.0 = Debug|Any CPU
		{E0095B68-9F06-41C1-9F58-495130B40A0B}.Release|Any CPU.ActiveCfg = Release|Any CPU
		{E0095B68-9F06-41C1-9F58-495130B40A0B}.Release|Any CPU.Build.0 = Release|Any CPU
		{1931749E-E53D-47E2-839D-0CE023CB2E78}.Debug|Any CPU.ActiveCfg = Debug|Any CPU
		{1931749E-E53D-47E2-839D-0CE023CB2E78}.Debug|Any CPU.Build.0 = Debug|Any CPU
		{1931749E-E53D-47E2-839D-0CE023CB2E78}.Release|Any CPU.ActiveCfg = Release|Any CPU
		{1931749E-E53D-47E2-839D-0CE023CB2E78}.Release|Any CPU.Build.0 = Release|Any CPU
		{24E24BA5-5041-44F3-9ABB-194822EC9995}.Debug|Any CPU.ActiveCfg = Debug|Any CPU
		{24E24BA5-5041-44F3-9ABB-194822EC9995}.Debug|Any CPU.Build.0 = Debug|Any CPU
		{24E24BA5-5041-44F3-9ABB-194822EC9995}.Release|Any CPU.ActiveCfg = Release|Any CPU
		{24E24BA5-5041-44F3-9ABB-194822EC9995}.Release|Any CPU.Build.0 = Release|Any CPU
		{33E6B8E3-26EF-4F71-8F57-2E53B630615B}.Debug|Any CPU.ActiveCfg = Debug|Any CPU
		{33E6B8E3-26EF-4F71-8F57-2E53B630615B}.Debug|Any CPU.Build.0 = Debug|Any CPU
		{33E6B8E3-26EF-4F71-8F57-2E53B630615B}.Release|Any CPU.ActiveCfg = Release|Any CPU
		{33E6B8E3-26EF-4F71-8F57-2E53B630615B}.Release|Any CPU.Build.0 = Release|Any CPU
		{7B6636DC-F5C2-4B9B-98DA-3E41FE501F14}.Debug|Any CPU.ActiveCfg = Debug|Any CPU
		{7B6636DC-F5C2-4B9B-98DA-3E41FE501F14}.Debug|Any CPU.Build.0 = Debug|Any CPU
		{7B6636DC-F5C2-4B9B-98DA-3E41FE501F14}.Release|Any CPU.ActiveCfg = Release|Any CPU
		{7B6636DC-F5C2-4B9B-98DA-3E41FE501F14}.Release|Any CPU.Build.0 = Release|Any CPU
		{C267D39D-087A-45F6-B3FD-EF322F6FB50D}.Debug|Any CPU.ActiveCfg = Debug|Any CPU
		{C267D39D-087A-45F6-B3FD-EF322F6FB50D}.Debug|Any CPU.Build.0 = Debug|Any CPU
		{C267D39D-087A-45F6-B3FD-EF322F6FB50D}.Release|Any CPU.ActiveCfg = Release|Any CPU
		{C267D39D-087A-45F6-B3FD-EF322F6FB50D}.Release|Any CPU.Build.0 = Release|Any CPU
		{D560BA9F-305F-47C9-9C70-D32D02604F9A}.Debug|Any CPU.ActiveCfg = Debug|Any CPU
		{D560BA9F-305F-47C9-9C70-D32D02604F9A}.Debug|Any CPU.Build.0 = Debug|Any CPU
		{D560BA9F-305F-47C9-9C70-D32D02604F9A}.Release|Any CPU.ActiveCfg = Release|Any CPU
		{D560BA9F-305F-47C9-9C70-D32D02604F9A}.Release|Any CPU.Build.0 = Release|Any CPU
		{7E76F7A7-9E1A-4C7D-8CCE-A3613A563986}.Debug|Any CPU.ActiveCfg = Debug|Any CPU
		{7E76F7A7-9E1A-4C7D-8CCE-A3613A563986}.Debug|Any CPU.Build.0 = Debug|Any CPU
		{7E76F7A7-9E1A-4C7D-8CCE-A3613A563986}.Release|Any CPU.ActiveCfg = Release|Any CPU
		{7E76F7A7-9E1A-4C7D-8CCE-A3613A563986}.Release|Any CPU.Build.0 = Release|Any CPU
	EndGlobalSection
	GlobalSection(SolutionProperties) = preSolution
		HideSolutionNode = FALSE
	EndGlobalSection
	GlobalSection(NestedProjects) = preSolution
		{E0095B68-9F06-41C1-9F58-495130B40A0B} = {36D591C7-65C7-A0D1-1CBC-10CDE441BDC8}
		{1931749E-E53D-47E2-839D-0CE023CB2E78} = {36D591C7-65C7-A0D1-1CBC-10CDE441BDC8}
		{24E24BA5-5041-44F3-9ABB-194822EC9995} = {36D591C7-65C7-A0D1-1CBC-10CDE441BDC8}
		{33E6B8E3-26EF-4F71-8F57-2E53B630615B} = {36D591C7-65C7-A0D1-1CBC-10CDE441BDC8}
		{7B6636DC-F5C2-4B9B-98DA-3E41FE501F14} = {36D591C7-65C7-A0D1-1CBC-10CDE441BDC8}
		{C267D39D-087A-45F6-B3FD-EF322F6FB50D} = {36D591C7-65C7-A0D1-1CBC-10CDE441BDC8}
		{D560BA9F-305F-47C9-9C70-D32D02604F9A} = {36D591C7-65C7-A0D1-1CBC-10CDE441BDC8}
		{7E76F7A7-9E1A-4C7D-8CCE-A3613A563986} = {36D591C7-65C7-A0D1-1CBC-10CDE441BDC8}
	EndGlobalSection
	GlobalSection(ExtensibilityGlobals) = postSolution
		SolutionGuid = {F5B0AA23-0D34-402F-A98A-2F0DB3CD8ECA}
	EndGlobalSection
EndGlobal
